
Microsoft Visual Studio Solution File, Format Version 12.00
# Visual Studio Version 16
VisualStudioVersion = 16.0.29613.14
MinimumVisualStudioVersion = 10.0.40219.1
Project("{9A19103F-16F7-4668-BE54-9A1E7A4F7556}") = "MediaOrganizer.Core", "src\MediaOrganizer.Core\MediaOrganizer.Core.csproj", "{CEF80DF3-9E23-4E58-A401-894FD7B16D08}"
EndProject
Project("{FAE04EC0-301F-11D3-BF4B-00C04F79EFBC}") = "MediaOrganizer.UWP", "src\MediaOrganizer.UWP\MediaOrganizer.UWP.csproj", "{8C0A0E41-6369-4617-A330-1572F19DC8E5}"
EndProject
Project("{2150E333-8FDC-42A3-9474-1A3956D46DE8}") = "!Solution Items", "!Solution Items", "{66C6CC43-7B2E-4135-9B1E-FFC6B8756C46}"
	ProjectSection(SolutionItems) = preProject
		.editorconfig = .editorconfig
	EndProjectSection
EndProject
Project("{FAE04EC0-301F-11D3-BF4B-00C04F79EFBC}") = "MediaOrganizer.BackgroundTasks", "MediaOrganizer.BackgroundTasks\MediaOrganizer.BackgroundTasks.csproj", "{A819909A-9749-4484-99EB-D0C952D434BF}"
EndProject
Global
	GlobalSection(SolutionConfigurationPlatforms) = preSolution
		Debug|Any CPU = Debug|Any CPU
		Debug|ARM = Debug|ARM
		Debug|ARM64 = Debug|ARM64
		Debug|iPhone = Debug|iPhone
		Debug|iPhoneSimulator = Debug|iPhoneSimulator
		Debug|x64 = Debug|x64
		Debug|x86 = Debug|x86
		Release|Any CPU = Release|Any CPU
		Release|ARM = Release|ARM
		Release|ARM64 = Release|ARM64
		Release|iPhone = Release|iPhone
		Release|iPhoneSimulator = Release|iPhoneSimulator
		Release|x64 = Release|x64
		Release|x86 = Release|x86
	EndGlobalSection
	GlobalSection(ProjectConfigurationPlatforms) = postSolution
		{CEF80DF3-9E23-4E58-A401-894FD7B16D08}.Debug|Any CPU.ActiveCfg = Debug|Any CPU
		{CEF80DF3-9E23-4E58-A401-894FD7B16D08}.Debug|Any CPU.Build.0 = Debug|Any CPU
		{CEF80DF3-9E23-4E58-A401-894FD7B16D08}.Debug|ARM.ActiveCfg = Debug|Any CPU
		{CEF80DF3-9E23-4E58-A401-894FD7B16D08}.Debug|ARM.Build.0 = Debug|Any CPU
		{CEF80DF3-9E23-4E58-A401-894FD7B16D08}.Debug|ARM64.ActiveCfg = Debug|Any CPU
		{CEF80DF3-9E23-4E58-A401-894FD7B16D08}.Debug|ARM64.Build.0 = Debug|Any CPU
		{CEF80DF3-9E23-4E58-A401-894FD7B16D08}.Debug|iPhone.ActiveCfg = Debug|Any CPU
		{CEF80DF3-9E23-4E58-A401-894FD7B16D08}.Debug|iPhone.Build.0 = Debug|Any CPU
		{CEF80DF3-9E23-4E58-A401-894FD7B16D08}.Debug|iPhoneSimulator.ActiveCfg = Debug|Any CPU
		{CEF80DF3-9E23-4E58-A401-894FD7B16D08}.Debug|iPhoneSimulator.Build.0 = Debug|Any CPU
		{CEF80DF3-9E23-4E58-A401-894FD7B16D08}.Debug|x64.ActiveCfg = Debug|Any CPU
		{CEF80DF3-9E23-4E58-A401-894FD7B16D08}.Debug|x64.Build.0 = Debug|Any CPU
		{CEF80DF3-9E23-4E58-A401-894FD7B16D08}.Debug|x86.ActiveCfg = Debug|Any CPU
		{CEF80DF3-9E23-4E58-A401-894FD7B16D08}.Debug|x86.Build.0 = Debug|Any CPU
		{CEF80DF3-9E23-4E58-A401-894FD7B16D08}.Release|Any CPU.ActiveCfg = Release|Any CPU
		{CEF80DF3-9E23-4E58-A401-894FD7B16D08}.Release|Any CPU.Build.0 = Release|Any CPU
		{CEF80DF3-9E23-4E58-A401-894FD7B16D08}.Release|ARM.ActiveCfg = Release|Any CPU
		{CEF80DF3-9E23-4E58-A401-894FD7B16D08}.Release|ARM.Build.0 = Release|Any CPU
		{CEF80DF3-9E23-4E58-A401-894FD7B16D08}.Release|ARM64.ActiveCfg = Release|Any CPU
		{CEF80DF3-9E23-4E58-A401-894FD7B16D08}.Release|ARM64.Build.0 = Release|Any CPU
		{CEF80DF3-9E23-4E58-A401-894FD7B16D08}.Release|iPhone.ActiveCfg = Release|Any CPU
		{CEF80DF3-9E23-4E58-A401-894FD7B16D08}.Release|iPhone.Build.0 = Release|Any CPU
		{CEF80DF3-9E23-4E58-A401-894FD7B16D08}.Release|iPhoneSimulator.ActiveCfg = Release|Any CPU
		{CEF80DF3-9E23-4E58-A401-894FD7B16D08}.Release|iPhoneSimulator.Build.0 = Release|Any CPU
		{CEF80DF3-9E23-4E58-A401-894FD7B16D08}.Release|x64.ActiveCfg = Release|Any CPU
		{CEF80DF3-9E23-4E58-A401-894FD7B16D08}.Release|x64.Build.0 = Release|Any CPU
		{CEF80DF3-9E23-4E58-A401-894FD7B16D08}.Release|x86.ActiveCfg = Release|Any CPU
		{CEF80DF3-9E23-4E58-A401-894FD7B16D08}.Release|x86.Build.0 = Release|Any CPU
		{8C0A0E41-6369-4617-A330-1572F19DC8E5}.Debug|Any CPU.ActiveCfg = Debug|x86
		{8C0A0E41-6369-4617-A330-1572F19DC8E5}.Debug|Any CPU.Build.0 = Debug|x86
		{8C0A0E41-6369-4617-A330-1572F19DC8E5}.Debug|Any CPU.Deploy.0 = Debug|x86
		{8C0A0E41-6369-4617-A330-1572F19DC8E5}.Debug|ARM.ActiveCfg = Debug|ARM
		{8C0A0E41-6369-4617-A330-1572F19DC8E5}.Debug|ARM.Build.0 = Debug|ARM
		{8C0A0E41-6369-4617-A330-1572F19DC8E5}.Debug|ARM.Deploy.0 = Debug|ARM
		{8C0A0E41-6369-4617-A330-1572F19DC8E5}.Debug|ARM64.ActiveCfg = Debug|x86
		{8C0A0E41-6369-4617-A330-1572F19DC8E5}.Debug|iPhone.ActiveCfg = Debug|x86
		{8C0A0E41-6369-4617-A330-1572F19DC8E5}.Debug|iPhoneSimulator.ActiveCfg = Debug|x86
		{8C0A0E41-6369-4617-A330-1572F19DC8E5}.Debug|x64.ActiveCfg = Debug|x64
		{8C0A0E41-6369-4617-A330-1572F19DC8E5}.Debug|x64.Build.0 = Debug|x64
		{8C0A0E41-6369-4617-A330-1572F19DC8E5}.Debug|x64.Deploy.0 = Debug|x64
		{8C0A0E41-6369-4617-A330-1572F19DC8E5}.Debug|x86.ActiveCfg = Debug|x86
		{8C0A0E41-6369-4617-A330-1572F19DC8E5}.Debug|x86.Build.0 = Debug|x86
		{8C0A0E41-6369-4617-A330-1572F19DC8E5}.Debug|x86.Deploy.0 = Debug|x86
		{8C0A0E41-6369-4617-A330-1572F19DC8E5}.Release|Any CPU.ActiveCfg = Release|x86
		{8C0A0E41-6369-4617-A330-1572F19DC8E5}.Release|ARM.ActiveCfg = Release|ARM
		{8C0A0E41-6369-4617-A330-1572F19DC8E5}.Release|ARM.Build.0 = Release|ARM
		{8C0A0E41-6369-4617-A330-1572F19DC8E5}.Release|ARM.Deploy.0 = Release|ARM
		{8C0A0E41-6369-4617-A330-1572F19DC8E5}.Release|ARM64.ActiveCfg = Release|x86
		{8C0A0E41-6369-4617-A330-1572F19DC8E5}.Release|iPhone.ActiveCfg = Release|x86
		{8C0A0E41-6369-4617-A330-1572F19DC8E5}.Release|iPhoneSimulator.ActiveCfg = Release|x86
		{8C0A0E41-6369-4617-A330-1572F19DC8E5}.Release|x64.ActiveCfg = Release|x64
		{8C0A0E41-6369-4617-A330-1572F19DC8E5}.Release|x64.Build.0 = Release|x64
		{8C0A0E41-6369-4617-A330-1572F19DC8E5}.Release|x64.Deploy.0 = Release|x64
		{8C0A0E41-6369-4617-A330-1572F19DC8E5}.Release|x86.ActiveCfg = Release|x86
		{8C0A0E41-6369-4617-A330-1572F19DC8E5}.Release|x86.Build.0 = Release|x86
		{8C0A0E41-6369-4617-A330-1572F19DC8E5}.Release|x86.Deploy.0 = Release|x86
		{A819909A-9749-4484-99EB-D0C952D434BF}.Debug|Any CPU.ActiveCfg = Debug|Any CPU
		{A819909A-9749-4484-99EB-D0C952D434BF}.Debug|Any CPU.Build.0 = Debug|Any CPU
		{A819909A-9749-4484-99EB-D0C952D434BF}.Debug|ARM.ActiveCfg = Debug|ARM
		{A819909A-9749-4484-99EB-D0C952D434BF}.Debug|ARM.Build.0 = Debug|ARM
		{A819909A-9749-4484-99EB-D0C952D434BF}.Debug|ARM64.ActiveCfg = Debug|ARM64
		{A819909A-9749-4484-99EB-D0C952D434BF}.Debug|ARM64.Build.0 = Debug|ARM64
		{A819909A-9749-4484-99EB-D0C952D434BF}.Debug|iPhone.ActiveCfg = Debug|Any CPU
		{A819909A-9749-4484-99EB-D0C952D434BF}.Debug|iPhone.Build.0 = Debug|Any CPU
		{A819909A-9749-4484-99EB-D0C952D434BF}.Debug|iPhoneSimulator.ActiveCfg = Debug|Any CPU
		{A819909A-9749-4484-99EB-D0C952D434BF}.Debug|iPhoneSimulator.Build.0 = Debug|Any CPU
		{A819909A-9749-4484-99EB-D0C952D434BF}.Debug|x64.ActiveCfg = Debug|x64
		{A819909A-9749-4484-99EB-D0C952D434BF}.Debug|x64.Build.0 = Debug|x64
		{A819909A-9749-4484-99EB-D0C952D434BF}.Debug|x86.ActiveCfg = Debug|x86
		{A819909A-9749-4484-99EB-D0C952D434BF}.Debug|x86.Build.0 = Debug|x86
		{A819909A-9749-4484-99EB-D0C952D434BF}.Release|Any CPU.ActiveCfg = Release|Any CPU
		{A819909A-9749-4484-99EB-D0C952D434BF}.Release|Any CPU.Build.0 = Release|Any CPU
		{A819909A-9749-4484-99EB-D0C952D434BF}.Release|ARM.ActiveCfg = Release|ARM
		{A819909A-9749-4484-99EB-D0C952D434BF}.Release|ARM.Build.0 = Release|ARM
		{A819909A-9749-4484-99EB-D0C952D434BF}.Release|ARM64.ActiveCfg = Release|ARM64
		{A819909A-9749-4484-99EB-D0C952D434BF}.Release|ARM64.Build.0 = Release|ARM64
		{A819909A-9749-4484-99EB-D0C952D434BF}.Release|iPhone.ActiveCfg = Release|Any CPU
		{A819909A-9749-4484-99EB-D0C952D434BF}.Release|iPhone.Build.0 = Release|Any CPU
		{A819909A-9749-4484-99EB-D0C952D434BF}.Release|iPhoneSimulator.ActiveCfg = Release|Any CPU
		{A819909A-9749-4484-99EB-D0C952D434BF}.Release|iPhoneSimulator.Build.0 = Release|Any CPU
		{A819909A-9749-4484-99EB-D0C952D434BF}.Release|x64.ActiveCfg = Release|x64
		{A819909A-9749-4484-99EB-D0C952D434BF}.Release|x64.Build.0 = Release|x64
		{A819909A-9749-4484-99EB-D0C952D434BF}.Release|x86.ActiveCfg = Release|x86
		{A819909A-9749-4484-99EB-D0C952D434BF}.Release|x86.Build.0 = Release|x86
	EndGlobalSection
	GlobalSection(SolutionProperties) = preSolution
		HideSolutionNode = FALSE
	EndGlobalSection
	GlobalSection(ExtensibilityGlobals) = postSolution
		SolutionGuid = {34CD4CA9-F19B-4222-96EA-538073FB3C47}
	EndGlobalSection
EndGlobal
